
Microsoft Visual Studio Solution File, Format Version 12.00
# Visual Studio Version 17
VisualStudioVersion = 17.5.002.0
MinimumVisualStudioVersion = 10.0.40219.1
Project("{9A19103F-16F7-4668-BE54-9A1E7A4F7556}") = "console-programming", "console-programming\console-programming.csproj", "{C529AB02-5BB3-4511-9D90-75E435733A68}"
EndProject
Project("{9A19103F-16F7-4668-BE54-9A1E7A4F7556}") = "types", "types\types.csproj", "{F7A67CF8-4798-4BCE-9F71-202CAF29DFB0}"
EndProject
Project("{9A19103F-16F7-4668-BE54-9A1E7A4F7556}") = "operators", "operators\operators.csproj", "{C9FDF0C9-623A-4762-B394-5BF57CFDE2BC}"
EndProject
Project("{9A19103F-16F7-4668-BE54-9A1E7A4F7556}") = "type-conversions", "type-conversions\type-conversions.csproj", "{82BEF5EA-E1F6-42D2-80D6-85BAA0378885}"
EndProject
Project("{FAE04EC0-301F-11D3-BF4B-00C04F79EFBC}") = "exception-handling", "exception-handling\exception-handling.csproj", "{F3CF575A-C8BE-4348-91E6-F014F5464127}"
EndProject
Project("{FAE04EC0-301F-11D3-BF4B-00C04F79EFBC}") = "if-else-if", "if-else-if\if-else-if.csproj", "{BD8EF45A-D6A1-4908-A67C-15BBAB61DA8D}"
EndProject
Global
	GlobalSection(SolutionConfigurationPlatforms) = preSolution
		Debug|Any CPU = Debug|Any CPU
		Release|Any CPU = Release|Any CPU
	EndGlobalSection
	GlobalSection(ProjectConfigurationPlatforms) = postSolution
		{C529AB02-5BB3-4511-9D90-75E435733A68}.Debug|Any CPU.ActiveCfg = Debug|Any CPU
		{C529AB02-5BB3-4511-9D90-75E435733A68}.Debug|Any CPU.Build.0 = Debug|Any CPU
		{C529AB02-5BB3-4511-9D90-75E435733A68}.Release|Any CPU.ActiveCfg = Release|Any CPU
		{C529AB02-5BB3-4511-9D90-75E435733A68}.Release|Any CPU.Build.0 = Release|Any CPU
		{F7A67CF8-4798-4BCE-9F71-202CAF29DFB0}.Debug|Any CPU.ActiveCfg = Debug|Any CPU
		{F7A67CF8-4798-4BCE-9F71-202CAF29DFB0}.Debug|Any CPU.Build.0 = Debug|Any CPU
		{F7A67CF8-4798-4BCE-9F71-202CAF29DFB0}.Release|Any CPU.ActiveCfg = Release|Any CPU
		{F7A67CF8-4798-4BCE-9F71-202CAF29DFB0}.Release|Any CPU.Build.0 = Release|Any CPU
		{C9FDF0C9-623A-4762-B394-5BF57CFDE2BC}.Debug|Any CPU.ActiveCfg = Debug|Any CPU
		{C9FDF0C9-623A-4762-B394-5BF57CFDE2BC}.Debug|Any CPU.Build.0 = Debug|Any CPU
		{C9FDF0C9-623A-4762-B394-5BF57CFDE2BC}.Release|Any CPU.ActiveCfg = Release|Any CPU
		{C9FDF0C9-623A-4762-B394-5BF57CFDE2BC}.Release|Any CPU.Build.0 = Release|Any CPU
		{82BEF5EA-E1F6-42D2-80D6-85BAA0378885}.Debug|Any CPU.ActiveCfg = Debug|Any CPU
		{82BEF5EA-E1F6-42D2-80D6-85BAA0378885}.Debug|Any CPU.Build.0 = Debug|Any CPU
		{82BEF5EA-E1F6-42D2-80D6-85BAA0378885}.Release|Any CPU.ActiveCfg = Release|Any CPU
		{82BEF5EA-E1F6-42D2-80D6-85BAA0378885}.Release|Any CPU.Build.0 = Release|Any CPU
		{F3CF575A-C8BE-4348-91E6-F014F5464127}.Debug|Any CPU.ActiveCfg = Debug|Any CPU
		{F3CF575A-C8BE-4348-91E6-F014F5464127}.Debug|Any CPU.Build.0 = Debug|Any CPU
		{F3CF575A-C8BE-4348-91E6-F014F5464127}.Release|Any CPU.ActiveCfg = Release|Any CPU
		{F3CF575A-C8BE-4348-91E6-F014F5464127}.Release|Any CPU.Build.0 = Release|Any CPU
		{BD8EF45A-D6A1-4908-A67C-15BBAB61DA8D}.Debug|Any CPU.ActiveCfg = Debug|Any CPU
		{BD8EF45A-D6A1-4908-A67C-15BBAB61DA8D}.Debug|Any CPU.Build.0 = Debug|Any CPU
		{BD8EF45A-D6A1-4908-A67C-15BBAB61DA8D}.Release|Any CPU.ActiveCfg = Release|Any CPU
		{BD8EF45A-D6A1-4908-A67C-15BBAB61DA8D}.Release|Any CPU.Build.0 = Release|Any CPU
	EndGlobalSection
	GlobalSection(SolutionProperties) = preSolution
		HideSolutionNode = FALSE
	EndGlobalSection
	GlobalSection(ExtensibilityGlobals) = postSolution
		SolutionGuid = {5108D23A-EF27-4B9A-98C8-46B7894AFD55}
	EndGlobalSection
EndGlobal
